
Microsoft Visual Studio Solution File, Format Version 12.00
# Visual Studio 15
VisualStudioVersion = 15.0.26124.0
MinimumVisualStudioVersion = 15.0.26124.0
Project("{2150E333-8FDC-42A3-9474-1A3956D46DE8}") = "src", "src", "{74893211-53F2-401C-A374-198D812361F2}"
EndProject
Project("{FAE04EC0-301F-11D3-BF4B-00C04F79EFBC}") = "PublicVote.Common", "src\PublicVote.Common\PublicVote.Common.csproj", "{611A2A28-50AA-4D23-BB8D-E3A5E601A3D4}"
EndProject
Project("{FAE04EC0-301F-11D3-BF4B-00C04F79EFBC}") = "PublicVote.Server.Actions", "src\PublicVote.Server.Actions\PublicVote.Server.Actions.csproj", "{8D4A18FA-631A-4F7E-8058-EA5941886E7A}"
EndProject
Project("{FAE04EC0-301F-11D3-BF4B-00C04F79EFBC}") = "PublicVote.Server.Web", "src\PublicVote.Server.Web\PublicVote.Server.Web.csproj", "{7CD81B1C-BBDF-44CF-8832-3EDE3824F0A6}"
EndProject
Project("{2150E333-8FDC-42A3-9474-1A3956D46DE8}") = "tests", "tests", "{CBF700B8-6241-44D3-B493-47EC1D98F5C5}"
EndProject
Project("{FAE04EC0-301F-11D3-BF4B-00C04F79EFBC}") = "PublicVote.Common.Tests", "tests\PublicVote.Common.Tests\PublicVote.Common.Tests.csproj", "{B368F979-3031-40EB-ACC8-EDFF6921CC56}"
EndProject
Project("{FAE04EC0-301F-11D3-BF4B-00C04F79EFBC}") = "PublicVote.Server.Actions.Tests", "tests\PublicVote.Server.Actions.Tests\PublicVote.Server.Actions.Tests.csproj", "{5F1523B1-C598-4470-A286-FA97A079A994}"
EndProject
Project("{FAE04EC0-301F-11D3-BF4B-00C04F79EFBC}") = "PublicVote.Server.Web.Tests", "tests\PublicVote.Server.Web.Tests\PublicVote.Server.Web.Tests.csproj", "{C1D9A014-7269-499B-A673-00218B0CFC29}"
EndProject
Project("{FAE04EC0-301F-11D3-BF4B-00C04F79EFBC}") = "PublicVote.Server.DAL", "src\PublicVote.Server.DAL\PublicVote.Server.DAL.csproj", "{797134B9-933D-44D8-8321-C85FAB8D841C}"
EndProject
Global
	GlobalSection(SolutionConfigurationPlatforms) = preSolution
		Debug|Any CPU = Debug|Any CPU
		Debug|x64 = Debug|x64
		Debug|x86 = Debug|x86
		Release|Any CPU = Release|Any CPU
		Release|x64 = Release|x64
		Release|x86 = Release|x86
	EndGlobalSection
	GlobalSection(SolutionProperties) = preSolution
		HideSolutionNode = FALSE
	EndGlobalSection
	GlobalSection(ProjectConfigurationPlatforms) = postSolution
		{611A2A28-50AA-4D23-BB8D-E3A5E601A3D4}.Debug|Any CPU.ActiveCfg = Debug|Any CPU
		{611A2A28-50AA-4D23-BB8D-E3A5E601A3D4}.Debug|Any CPU.Build.0 = Debug|Any CPU
		{611A2A28-50AA-4D23-BB8D-E3A5E601A3D4}.Debug|x64.ActiveCfg = Debug|Any CPU
		{611A2A28-50AA-4D23-BB8D-E3A5E601A3D4}.Debug|x64.Build.0 = Debug|Any CPU
		{611A2A28-50AA-4D23-BB8D-E3A5E601A3D4}.Debug|x86.ActiveCfg = Debug|Any CPU
		{611A2A28-50AA-4D23-BB8D-E3A5E601A3D4}.Debug|x86.Build.0 = Debug|Any CPU
		{611A2A28-50AA-4D23-BB8D-E3A5E601A3D4}.Release|Any CPU.ActiveCfg = Release|Any CPU
		{611A2A28-50AA-4D23-BB8D-E3A5E601A3D4}.Release|Any CPU.Build.0 = Release|Any CPU
		{611A2A28-50AA-4D23-BB8D-E3A5E601A3D4}.Release|x64.ActiveCfg = Release|Any CPU
		{611A2A28-50AA-4D23-BB8D-E3A5E601A3D4}.Release|x64.Build.0 = Release|Any CPU
		{611A2A28-50AA-4D23-BB8D-E3A5E601A3D4}.Release|x86.ActiveCfg = Release|Any CPU
		{611A2A28-50AA-4D23-BB8D-E3A5E601A3D4}.Release|x86.Build.0 = Release|Any CPU
		{8D4A18FA-631A-4F7E-8058-EA5941886E7A}.Debug|Any CPU.ActiveCfg = Debug|Any CPU
		{8D4A18FA-631A-4F7E-8058-EA5941886E7A}.Debug|Any CPU.Build.0 = Debug|Any CPU
		{8D4A18FA-631A-4F7E-8058-EA5941886E7A}.Debug|x64.ActiveCfg = Debug|Any CPU
		{8D4A18FA-631A-4F7E-8058-EA5941886E7A}.Debug|x64.Build.0 = Debug|Any CPU
		{8D4A18FA-631A-4F7E-8058-EA5941886E7A}.Debug|x86.ActiveCfg = Debug|Any CPU
		{8D4A18FA-631A-4F7E-8058-EA5941886E7A}.Debug|x86.Build.0 = Debug|Any CPU
		{8D4A18FA-631A-4F7E-8058-EA5941886E7A}.Release|Any CPU.ActiveCfg = Release|Any CPU
		{8D4A18FA-631A-4F7E-8058-EA5941886E7A}.Release|Any CPU.Build.0 = Release|Any CPU
		{8D4A18FA-631A-4F7E-8058-EA5941886E7A}.Release|x64.ActiveCfg = Release|Any CPU
		{8D4A18FA-631A-4F7E-8058-EA5941886E7A}.Release|x64.Build.0 = Release|Any CPU
		{8D4A18FA-631A-4F7E-8058-EA5941886E7A}.Release|x86.ActiveCfg = Release|Any CPU
		{8D4A18FA-631A-4F7E-8058-EA5941886E7A}.Release|x86.Build.0 = Release|Any CPU
		{7CD81B1C-BBDF-44CF-8832-3EDE3824F0A6}.Debug|Any CPU.ActiveCfg = Debug|Any CPU
		{7CD81B1C-BBDF-44CF-8832-3EDE3824F0A6}.Debug|Any CPU.Build.0 = Debug|Any CPU
		{7CD81B1C-BBDF-44CF-8832-3EDE3824F0A6}.Debug|x64.ActiveCfg = Debug|Any CPU
		{7CD81B1C-BBDF-44CF-8832-3EDE3824F0A6}.Debug|x64.Build.0 = Debug|Any CPU
		{7CD81B1C-BBDF-44CF-8832-3EDE3824F0A6}.Debug|x86.ActiveCfg = Debug|Any CPU
		{7CD81B1C-BBDF-44CF-8832-3EDE3824F0A6}.Debug|x86.Build.0 = Debug|Any CPU
		{7CD81B1C-BBDF-44CF-8832-3EDE3824F0A6}.Release|Any CPU.ActiveCfg = Release|Any CPU
		{7CD81B1C-BBDF-44CF-8832-3EDE3824F0A6}.Release|Any CPU.Build.0 = Release|Any CPU
		{7CD81B1C-BBDF-44CF-8832-3EDE3824F0A6}.Release|x64.ActiveCfg = Release|Any CPU
		{7CD81B1C-BBDF-44CF-8832-3EDE3824F0A6}.Release|x64.Build.0 = Release|Any CPU
		{7CD81B1C-BBDF-44CF-8832-3EDE3824F0A6}.Release|x86.ActiveCfg = Release|Any CPU
		{7CD81B1C-BBDF-44CF-8832-3EDE3824F0A6}.Release|x86.Build.0 = Release|Any CPU
		{B368F979-3031-40EB-ACC8-EDFF6921CC56}.Debug|Any CPU.ActiveCfg = Debug|Any CPU
		{B368F979-3031-40EB-ACC8-EDFF6921CC56}.Debug|Any CPU.Build.0 = Debug|Any CPU
		{B368F979-3031-40EB-ACC8-EDFF6921CC56}.Debug|x64.ActiveCfg = Debug|Any CPU
		{B368F979-3031-40EB-ACC8-EDFF6921CC56}.Debug|x64.Build.0 = Debug|Any CPU
		{B368F979-3031-40EB-ACC8-EDFF6921CC56}.Debug|x86.ActiveCfg = Debug|Any CPU
		{B368F979-3031-40EB-ACC8-EDFF6921CC56}.Debug|x86.Build.0 = Debug|Any CPU
		{B368F979-3031-40EB-ACC8-EDFF6921CC56}.Release|Any CPU.ActiveCfg = Release|Any CPU
		{B368F979-3031-40EB-ACC8-EDFF6921CC56}.Release|Any CPU.Build.0 = Release|Any CPU
		{B368F979-3031-40EB-ACC8-EDFF6921CC56}.Release|x64.ActiveCfg = Release|Any CPU
		{B368F979-3031-40EB-ACC8-EDFF6921CC56}.Release|x64.Build.0 = Release|Any CPU
		{B368F979-3031-40EB-ACC8-EDFF6921CC56}.Release|x86.ActiveCfg = Release|Any CPU
		{B368F979-3031-40EB-ACC8-EDFF6921CC56}.Release|x86.Build.0 = Release|Any CPU
		{5F1523B1-C598-4470-A286-FA97A079A994}.Debug|Any CPU.ActiveCfg = Debug|Any CPU
		{5F1523B1-C598-4470-A286-FA97A079A994}.Debug|Any CPU.Build.0 = Debug|Any CPU
		{5F1523B1-C598-4470-A286-FA97A079A994}.Debug|x64.ActiveCfg = Debug|Any CPU
		{5F1523B1-C598-4470-A286-FA97A079A994}.Debug|x64.Build.0 = Debug|Any CPU
		{5F1523B1-C598-4470-A286-FA97A079A994}.Debug|x86.ActiveCfg = Debug|Any CPU
		{5F1523B1-C598-4470-A286-FA97A079A994}.Debug|x86.Build.0 = Debug|Any CPU
		{5F1523B1-C598-4470-A286-FA97A079A994}.Release|Any CPU.ActiveCfg = Release|Any CPU
		{5F1523B1-C598-4470-A286-FA97A079A994}.Release|Any CPU.Build.0 = Release|Any CPU
		{5F1523B1-C598-4470-A286-FA97A079A994}.Release|x64.ActiveCfg = Release|Any CPU
		{5F1523B1-C598-4470-A286-FA97A079A994}.Release|x64.Build.0 = Release|Any CPU
		{5F1523B1-C598-4470-A286-FA97A079A994}.Release|x86.ActiveCfg = Release|Any CPU
		{5F1523B1-C598-4470-A286-FA97A079A994}.Release|x86.Build.0 = Release|Any CPU
		{C1D9A014-7269-499B-A673-00218B0CFC29}.Debug|Any CPU.ActiveCfg = Debug|Any CPU
		{C1D9A014-7269-499B-A673-00218B0CFC29}.Debug|Any CPU.Build.0 = Debug|Any CPU
		{C1D9A014-7269-499B-A673-00218B0CFC29}.Debug|x64.ActiveCfg = Debug|Any CPU
		{C1D9A014-7269-499B-A673-00218B0CFC29}.Debug|x64.Build.0 = Debug|Any CPU
		{C1D9A014-7269-499B-A673-00218B0CFC29}.Debug|x86.ActiveCfg = Debug|Any CPU
		{C1D9A014-7269-499B-A673-00218B0CFC29}.Debug|x86.Build.0 = Debug|Any CPU
		{C1D9A014-7269-499B-A673-00218B0CFC29}.Release|Any CPU.ActiveCfg = Release|Any CPU
		{C1D9A014-7269-499B-A673-00218B0CFC29}.Release|Any CPU.Build.0 = Release|Any CPU
		{C1D9A014-7269-499B-A673-00218B0CFC29}.Release|x64.ActiveCfg = Release|Any CPU
		{C1D9A014-7269-499B-A673-00218B0CFC29}.Release|x64.Build.0 = Release|Any CPU
		{C1D9A014-7269-499B-A673-00218B0CFC29}.Release|x86.ActiveCfg = Release|Any CPU
		{C1D9A014-7269-499B-A673-00218B0CFC29}.Release|x86.Build.0 = Release|Any CPU
		{797134B9-933D-44D8-8321-C85FAB8D841C}.Debug|Any CPU.ActiveCfg = Debug|Any CPU
		{797134B9-933D-44D8-8321-C85FAB8D841C}.Debug|Any CPU.Build.0 = Debug|Any CPU
		{797134B9-933D-44D8-8321-C85FAB8D841C}.Debug|x64.ActiveCfg = Debug|Any CPU
		{797134B9-933D-44D8-8321-C85FAB8D841C}.Debug|x64.Build.0 = Debug|Any CPU
		{797134B9-933D-44D8-8321-C85FAB8D841C}.Debug|x86.ActiveCfg = Debug|Any CPU
		{797134B9-933D-44D8-8321-C85FAB8D841C}.Debug|x86.Build.0 = Debug|Any CPU
		{797134B9-933D-44D8-8321-C85FAB8D841C}.Release|Any CPU.ActiveCfg = Release|Any CPU
		{797134B9-933D-44D8-8321-C85FAB8D841C}.Release|Any CPU.Build.0 = Release|Any CPU
		{797134B9-933D-44D8-8321-C85FAB8D841C}.Release|x64.ActiveCfg = Release|Any CPU
		{797134B9-933D-44D8-8321-C85FAB8D841C}.Release|x64.Build.0 = Release|Any CPU
		{797134B9-933D-44D8-8321-C85FAB8D841C}.Release|x86.ActiveCfg = Release|Any CPU
		{797134B9-933D-44D8-8321-C85FAB8D841C}.Release|x86.Build.0 = Release|Any CPU
	EndGlobalSection
	GlobalSection(NestedProjects) = preSolution
		{611A2A28-50AA-4D23-BB8D-E3A5E601A3D4} = {74893211-53F2-401C-A374-198D812361F2}
		{8D4A18FA-631A-4F7E-8058-EA5941886E7A} = {74893211-53F2-401C-A374-198D812361F2}
		{7CD81B1C-BBDF-44CF-8832-3EDE3824F0A6} = {74893211-53F2-401C-A374-198D812361F2}
		{B368F979-3031-40EB-ACC8-EDFF6921CC56} = {CBF700B8-6241-44D3-B493-47EC1D98F5C5}
		{5F1523B1-C598-4470-A286-FA97A079A994} = {CBF700B8-6241-44D3-B493-47EC1D98F5C5}
		{C1D9A014-7269-499B-A673-00218B0CFC29} = {CBF700B8-6241-44D3-B493-47EC1D98F5C5}
		{797134B9-933D-44D8-8321-C85FAB8D841C} = {74893211-53F2-401C-A374-198D812361F2}
	EndGlobalSection
EndGlobal
