
Microsoft Visual Studio Solution File, Format Version 12.00
# Visual Studio 15
VisualStudioVersion = 15.0.26124.0
MinimumVisualStudioVersion = 15.0.26124.0
Project("{2150E333-8FDC-42A3-9474-1A3956D46DE8}") = "src", "src", "{74893211-53F2-401C-A374-198D812361F2}"
EndProject
Project("{FAE04EC0-301F-11D3-BF4B-00C04F79EFBC}") = "RemoteCongress.Common", "src\RemoteCongress.Common\RemoteCongress.Common.csproj", "{611A2A28-50AA-4D23-BB8D-E3A5E601A3D4}"
EndProject
Project("{FAE04EC0-301F-11D3-BF4B-00C04F79EFBC}") = "RemoteCongress.Server.Web", "src\RemoteCongress.Server.Web\RemoteCongress.Server.Web.csproj", "{7CD81B1C-BBDF-44CF-8832-3EDE3824F0A6}"
EndProject
Project("{2150E333-8FDC-42A3-9474-1A3956D46DE8}") = "tests", "tests", "{CBF700B8-6241-44D3-B493-47EC1D98F5C5}"
EndProject
Project("{FAE04EC0-301F-11D3-BF4B-00C04F79EFBC}") = "RemoteCongress.CliTool", "src\RemoteCongress.CliTool\RemoteCongress.CliTool.csproj", "{73E13DF8-D327-4D80-BB93-026E447258BD}"
EndProject
Project("{FAE04EC0-301F-11D3-BF4B-00C04F79EFBC}") = "RemoteCongress.Client", "src\RemoteCongress.Client\RemoteCongress.Client.csproj", "{D822C023-33B8-4B61-BA6C-8A026061CA25}"
EndProject
Project("{FAE04EC0-301F-11D3-BF4B-00C04F79EFBC}") = "RemoteCongress.Server.DAL.InMemory", "src\RemoteCongress.Server.DAL.InMemory\RemoteCongress.Server.DAL.InMemory.csproj", "{135CC520-70EA-4802-9CDA-7C879E30CAEA}"
EndProject
Project("{FAE04EC0-301F-11D3-BF4B-00C04F79EFBC}") = "RemoteCongress.Server.DAL.IpfsBlockchainDb", "src\RemoteCongress.Server.DAL.IpfsBlockchainDb\RemoteCongress.Server.DAL.IpfsBlockchainDb.csproj", "{D07BAD27-48C3-4992-BA91-65E88A4D9BB9}"
EndProject
Project("{FAE04EC0-301F-11D3-BF4B-00C04F79EFBC}") = "RemoteCongress.UnitIntegrationTests", "tests\RemoteCongress.UnitIntegrationTests\RemoteCongress.UnitIntegrationTests.csproj", "{E01920EC-4BF1-4CC3-9708-D279932A8E82}"
EndProject
Project("{2150E333-8FDC-42A3-9474-1A3956D46DE8}") = "examples", "examples", "{C63674D8-4BD8-4277-8713-B9A5DDA72833}"
EndProject
Project("{FAE04EC0-301F-11D3-BF4B-00C04F79EFBC}") = "RemoteCongress.Example", "examples\RemoteCongress.Example\RemoteCongress.Example.csproj", "{46D889CA-6762-4381-830B-0005D42A7067}"
EndProject
Project("{FAE04EC0-301F-11D3-BF4B-00C04F79EFBC}") = "RemoteCongress.Tests", "tests\RemoteCongress.Tests\RemoteCongress.Tests.csproj", "{72A2D611-2D62-4577-BB27-D9330E06B4B8}"
EndProject
Global
	GlobalSection(SolutionConfigurationPlatforms) = preSolution
		Debug|Any CPU = Debug|Any CPU
		Debug|x64 = Debug|x64
		Debug|x86 = Debug|x86
		Release|Any CPU = Release|Any CPU
		Release|x64 = Release|x64
		Release|x86 = Release|x86
	EndGlobalSection
	GlobalSection(SolutionProperties) = preSolution
		HideSolutionNode = FALSE
	EndGlobalSection
	GlobalSection(ProjectConfigurationPlatforms) = postSolution
		{611A2A28-50AA-4D23-BB8D-E3A5E601A3D4}.Debug|Any CPU.ActiveCfg = Debug|Any CPU
		{611A2A28-50AA-4D23-BB8D-E3A5E601A3D4}.Debug|Any CPU.Build.0 = Debug|Any CPU
		{611A2A28-50AA-4D23-BB8D-E3A5E601A3D4}.Debug|x64.ActiveCfg = Debug|Any CPU
		{611A2A28-50AA-4D23-BB8D-E3A5E601A3D4}.Debug|x64.Build.0 = Debug|Any CPU
		{611A2A28-50AA-4D23-BB8D-E3A5E601A3D4}.Debug|x86.ActiveCfg = Debug|Any CPU
		{611A2A28-50AA-4D23-BB8D-E3A5E601A3D4}.Debug|x86.Build.0 = Debug|Any CPU
		{611A2A28-50AA-4D23-BB8D-E3A5E601A3D4}.Release|Any CPU.ActiveCfg = Release|Any CPU
		{611A2A28-50AA-4D23-BB8D-E3A5E601A3D4}.Release|Any CPU.Build.0 = Release|Any CPU
		{611A2A28-50AA-4D23-BB8D-E3A5E601A3D4}.Release|x64.ActiveCfg = Release|Any CPU
		{611A2A28-50AA-4D23-BB8D-E3A5E601A3D4}.Release|x64.Build.0 = Release|Any CPU
		{611A2A28-50AA-4D23-BB8D-E3A5E601A3D4}.Release|x86.ActiveCfg = Release|Any CPU
		{611A2A28-50AA-4D23-BB8D-E3A5E601A3D4}.Release|x86.Build.0 = Release|Any CPU
		{7CD81B1C-BBDF-44CF-8832-3EDE3824F0A6}.Debug|Any CPU.ActiveCfg = Debug|Any CPU
		{7CD81B1C-BBDF-44CF-8832-3EDE3824F0A6}.Debug|Any CPU.Build.0 = Debug|Any CPU
		{7CD81B1C-BBDF-44CF-8832-3EDE3824F0A6}.Debug|x64.ActiveCfg = Debug|Any CPU
		{7CD81B1C-BBDF-44CF-8832-3EDE3824F0A6}.Debug|x64.Build.0 = Debug|Any CPU
		{7CD81B1C-BBDF-44CF-8832-3EDE3824F0A6}.Debug|x86.ActiveCfg = Debug|Any CPU
		{7CD81B1C-BBDF-44CF-8832-3EDE3824F0A6}.Debug|x86.Build.0 = Debug|Any CPU
		{7CD81B1C-BBDF-44CF-8832-3EDE3824F0A6}.Release|Any CPU.ActiveCfg = Release|Any CPU
		{7CD81B1C-BBDF-44CF-8832-3EDE3824F0A6}.Release|Any CPU.Build.0 = Release|Any CPU
		{7CD81B1C-BBDF-44CF-8832-3EDE3824F0A6}.Release|x64.ActiveCfg = Release|Any CPU
		{7CD81B1C-BBDF-44CF-8832-3EDE3824F0A6}.Release|x64.Build.0 = Release|Any CPU
		{7CD81B1C-BBDF-44CF-8832-3EDE3824F0A6}.Release|x86.ActiveCfg = Release|Any CPU
		{7CD81B1C-BBDF-44CF-8832-3EDE3824F0A6}.Release|x86.Build.0 = Release|Any CPU
		{73E13DF8-D327-4D80-BB93-026E447258BD}.Debug|Any CPU.ActiveCfg = Debug|Any CPU
		{73E13DF8-D327-4D80-BB93-026E447258BD}.Debug|Any CPU.Build.0 = Debug|Any CPU
		{73E13DF8-D327-4D80-BB93-026E447258BD}.Debug|x64.ActiveCfg = Debug|Any CPU
		{73E13DF8-D327-4D80-BB93-026E447258BD}.Debug|x64.Build.0 = Debug|Any CPU
		{73E13DF8-D327-4D80-BB93-026E447258BD}.Debug|x86.ActiveCfg = Debug|Any CPU
		{73E13DF8-D327-4D80-BB93-026E447258BD}.Debug|x86.Build.0 = Debug|Any CPU
		{73E13DF8-D327-4D80-BB93-026E447258BD}.Release|Any CPU.ActiveCfg = Release|Any CPU
		{73E13DF8-D327-4D80-BB93-026E447258BD}.Release|Any CPU.Build.0 = Release|Any CPU
		{73E13DF8-D327-4D80-BB93-026E447258BD}.Release|x64.ActiveCfg = Release|Any CPU
		{73E13DF8-D327-4D80-BB93-026E447258BD}.Release|x64.Build.0 = Release|Any CPU
		{73E13DF8-D327-4D80-BB93-026E447258BD}.Release|x86.ActiveCfg = Release|Any CPU
		{73E13DF8-D327-4D80-BB93-026E447258BD}.Release|x86.Build.0 = Release|Any CPU
		{D822C023-33B8-4B61-BA6C-8A026061CA25}.Debug|Any CPU.ActiveCfg = Debug|Any CPU
		{D822C023-33B8-4B61-BA6C-8A026061CA25}.Debug|Any CPU.Build.0 = Debug|Any CPU
		{D822C023-33B8-4B61-BA6C-8A026061CA25}.Debug|x64.ActiveCfg = Debug|Any CPU
		{D822C023-33B8-4B61-BA6C-8A026061CA25}.Debug|x64.Build.0 = Debug|Any CPU
		{D822C023-33B8-4B61-BA6C-8A026061CA25}.Debug|x86.ActiveCfg = Debug|Any CPU
		{D822C023-33B8-4B61-BA6C-8A026061CA25}.Debug|x86.Build.0 = Debug|Any CPU
		{D822C023-33B8-4B61-BA6C-8A026061CA25}.Release|Any CPU.ActiveCfg = Release|Any CPU
		{D822C023-33B8-4B61-BA6C-8A026061CA25}.Release|Any CPU.Build.0 = Release|Any CPU
		{D822C023-33B8-4B61-BA6C-8A026061CA25}.Release|x64.ActiveCfg = Release|Any CPU
		{D822C023-33B8-4B61-BA6C-8A026061CA25}.Release|x64.Build.0 = Release|Any CPU
		{D822C023-33B8-4B61-BA6C-8A026061CA25}.Release|x86.ActiveCfg = Release|Any CPU
		{D822C023-33B8-4B61-BA6C-8A026061CA25}.Release|x86.Build.0 = Release|Any CPU
		{135CC520-70EA-4802-9CDA-7C879E30CAEA}.Debug|Any CPU.ActiveCfg = Debug|Any CPU
		{135CC520-70EA-4802-9CDA-7C879E30CAEA}.Debug|Any CPU.Build.0 = Debug|Any CPU
		{135CC520-70EA-4802-9CDA-7C879E30CAEA}.Debug|x64.ActiveCfg = Debug|Any CPU
		{135CC520-70EA-4802-9CDA-7C879E30CAEA}.Debug|x64.Build.0 = Debug|Any CPU
		{135CC520-70EA-4802-9CDA-7C879E30CAEA}.Debug|x86.ActiveCfg = Debug|Any CPU
		{135CC520-70EA-4802-9CDA-7C879E30CAEA}.Debug|x86.Build.0 = Debug|Any CPU
		{135CC520-70EA-4802-9CDA-7C879E30CAEA}.Release|Any CPU.ActiveCfg = Release|Any CPU
		{135CC520-70EA-4802-9CDA-7C879E30CAEA}.Release|Any CPU.Build.0 = Release|Any CPU
		{135CC520-70EA-4802-9CDA-7C879E30CAEA}.Release|x64.ActiveCfg = Release|Any CPU
		{135CC520-70EA-4802-9CDA-7C879E30CAEA}.Release|x64.Build.0 = Release|Any CPU
		{135CC520-70EA-4802-9CDA-7C879E30CAEA}.Release|x86.ActiveCfg = Release|Any CPU
		{135CC520-70EA-4802-9CDA-7C879E30CAEA}.Release|x86.Build.0 = Release|Any CPU
		{D07BAD27-48C3-4992-BA91-65E88A4D9BB9}.Debug|Any CPU.ActiveCfg = Debug|Any CPU
		{D07BAD27-48C3-4992-BA91-65E88A4D9BB9}.Debug|Any CPU.Build.0 = Debug|Any CPU
		{D07BAD27-48C3-4992-BA91-65E88A4D9BB9}.Debug|x64.ActiveCfg = Debug|Any CPU
		{D07BAD27-48C3-4992-BA91-65E88A4D9BB9}.Debug|x64.Build.0 = Debug|Any CPU
		{D07BAD27-48C3-4992-BA91-65E88A4D9BB9}.Debug|x86.ActiveCfg = Debug|Any CPU
		{D07BAD27-48C3-4992-BA91-65E88A4D9BB9}.Debug|x86.Build.0 = Debug|Any CPU
		{D07BAD27-48C3-4992-BA91-65E88A4D9BB9}.Release|Any CPU.ActiveCfg = Release|Any CPU
		{D07BAD27-48C3-4992-BA91-65E88A4D9BB9}.Release|Any CPU.Build.0 = Release|Any CPU
		{D07BAD27-48C3-4992-BA91-65E88A4D9BB9}.Release|x64.ActiveCfg = Release|Any CPU
		{D07BAD27-48C3-4992-BA91-65E88A4D9BB9}.Release|x64.Build.0 = Release|Any CPU
		{D07BAD27-48C3-4992-BA91-65E88A4D9BB9}.Release|x86.ActiveCfg = Release|Any CPU
		{D07BAD27-48C3-4992-BA91-65E88A4D9BB9}.Release|x86.Build.0 = Release|Any CPU
		{E01920EC-4BF1-4CC3-9708-D279932A8E82}.Debug|Any CPU.ActiveCfg = Debug|Any CPU
		{E01920EC-4BF1-4CC3-9708-D279932A8E82}.Debug|Any CPU.Build.0 = Debug|Any CPU
		{E01920EC-4BF1-4CC3-9708-D279932A8E82}.Debug|x64.ActiveCfg = Debug|Any CPU
		{E01920EC-4BF1-4CC3-9708-D279932A8E82}.Debug|x64.Build.0 = Debug|Any CPU
		{E01920EC-4BF1-4CC3-9708-D279932A8E82}.Debug|x86.ActiveCfg = Debug|Any CPU
		{E01920EC-4BF1-4CC3-9708-D279932A8E82}.Debug|x86.Build.0 = Debug|Any CPU
		{E01920EC-4BF1-4CC3-9708-D279932A8E82}.Release|Any CPU.ActiveCfg = Release|Any CPU
		{E01920EC-4BF1-4CC3-9708-D279932A8E82}.Release|Any CPU.Build.0 = Release|Any CPU
		{E01920EC-4BF1-4CC3-9708-D279932A8E82}.Release|x64.ActiveCfg = Release|Any CPU
		{E01920EC-4BF1-4CC3-9708-D279932A8E82}.Release|x64.Build.0 = Release|Any CPU
		{E01920EC-4BF1-4CC3-9708-D279932A8E82}.Release|x86.ActiveCfg = Release|Any CPU
		{E01920EC-4BF1-4CC3-9708-D279932A8E82}.Release|x86.Build.0 = Release|Any CPU
		{46D889CA-6762-4381-830B-0005D42A7067}.Debug|Any CPU.ActiveCfg = Debug|Any CPU
		{46D889CA-6762-4381-830B-0005D42A7067}.Debug|Any CPU.Build.0 = Debug|Any CPU
		{46D889CA-6762-4381-830B-0005D42A7067}.Debug|x64.ActiveCfg = Debug|Any CPU
		{46D889CA-6762-4381-830B-0005D42A7067}.Debug|x64.Build.0 = Debug|Any CPU
		{46D889CA-6762-4381-830B-0005D42A7067}.Debug|x86.ActiveCfg = Debug|Any CPU
		{46D889CA-6762-4381-830B-0005D42A7067}.Debug|x86.Build.0 = Debug|Any CPU
		{46D889CA-6762-4381-830B-0005D42A7067}.Release|Any CPU.ActiveCfg = Release|Any CPU
		{46D889CA-6762-4381-830B-0005D42A7067}.Release|Any CPU.Build.0 = Release|Any CPU
		{46D889CA-6762-4381-830B-0005D42A7067}.Release|x64.ActiveCfg = Release|Any CPU
		{46D889CA-6762-4381-830B-0005D42A7067}.Release|x64.Build.0 = Release|Any CPU
		{46D889CA-6762-4381-830B-0005D42A7067}.Release|x86.ActiveCfg = Release|Any CPU
		{46D889CA-6762-4381-830B-0005D42A7067}.Release|x86.Build.0 = Release|Any CPU
		{72A2D611-2D62-4577-BB27-D9330E06B4B8}.Debug|Any CPU.ActiveCfg = Debug|Any CPU
		{72A2D611-2D62-4577-BB27-D9330E06B4B8}.Debug|Any CPU.Build.0 = Debug|Any CPU
		{72A2D611-2D62-4577-BB27-D9330E06B4B8}.Debug|x64.ActiveCfg = Debug|Any CPU
		{72A2D611-2D62-4577-BB27-D9330E06B4B8}.Debug|x64.Build.0 = Debug|Any CPU
		{72A2D611-2D62-4577-BB27-D9330E06B4B8}.Debug|x86.ActiveCfg = Debug|Any CPU
		{72A2D611-2D62-4577-BB27-D9330E06B4B8}.Debug|x86.Build.0 = Debug|Any CPU
		{72A2D611-2D62-4577-BB27-D9330E06B4B8}.Release|Any CPU.ActiveCfg = Release|Any CPU
		{72A2D611-2D62-4577-BB27-D9330E06B4B8}.Release|Any CPU.Build.0 = Release|Any CPU
		{72A2D611-2D62-4577-BB27-D9330E06B4B8}.Release|x64.ActiveCfg = Release|Any CPU
		{72A2D611-2D62-4577-BB27-D9330E06B4B8}.Release|x64.Build.0 = Release|Any CPU
		{72A2D611-2D62-4577-BB27-D9330E06B4B8}.Release|x86.ActiveCfg = Release|Any CPU
		{72A2D611-2D62-4577-BB27-D9330E06B4B8}.Release|x86.Build.0 = Release|Any CPU
	EndGlobalSection
	GlobalSection(NestedProjects) = preSolution
		{611A2A28-50AA-4D23-BB8D-E3A5E601A3D4} = {74893211-53F2-401C-A374-198D812361F2}
		{7CD81B1C-BBDF-44CF-8832-3EDE3824F0A6} = {74893211-53F2-401C-A374-198D812361F2}
		{73E13DF8-D327-4D80-BB93-026E447258BD} = {74893211-53F2-401C-A374-198D812361F2}
		{D822C023-33B8-4B61-BA6C-8A026061CA25} = {74893211-53F2-401C-A374-198D812361F2}
		{135CC520-70EA-4802-9CDA-7C879E30CAEA} = {74893211-53F2-401C-A374-198D812361F2}
		{D07BAD27-48C3-4992-BA91-65E88A4D9BB9} = {74893211-53F2-401C-A374-198D812361F2}
		{E01920EC-4BF1-4CC3-9708-D279932A8E82} = {CBF700B8-6241-44D3-B493-47EC1D98F5C5}
		{46D889CA-6762-4381-830B-0005D42A7067} = {C63674D8-4BD8-4277-8713-B9A5DDA72833}
		{72A2D611-2D62-4577-BB27-D9330E06B4B8} = {CBF700B8-6241-44D3-B493-47EC1D98F5C5}
	EndGlobalSection
EndGlobal
