
Microsoft Visual Studio Solution File, Format Version 12.00
# Visual Studio 15
VisualStudioVersion = 15.0.26124.0
MinimumVisualStudioVersion = 15.0.26124.0
Project("{2150E333-8FDC-42A3-9474-1A3956D46DE8}") = "src", "src", "{74893211-53F2-401C-A374-198D812361F2}"
EndProject
Project("{FAE04EC0-301F-11D3-BF4B-00C04F79EFBC}") = "RemoteCongress.Common", "src\RemoteCongress.Common\RemoteCongress.Common.csproj", "{611A2A28-50AA-4D23-BB8D-E3A5E601A3D4}"
EndProject
Project("{FAE04EC0-301F-11D3-BF4B-00C04F79EFBC}") = "RemoteCongress.Server.Web", "src\RemoteCongress.Server.Web\RemoteCongress.Server.Web.csproj", "{7CD81B1C-BBDF-44CF-8832-3EDE3824F0A6}"
EndProject
Project("{2150E333-8FDC-42A3-9474-1A3956D46DE8}") = "tests", "tests", "{CBF700B8-6241-44D3-B493-47EC1D98F5C5}"
EndProject
Project("{FAE04EC0-301F-11D3-BF4B-00C04F79EFBC}") = "RemoteCongress.Common.Tests", "tests\RemoteCongress.Common.Tests\RemoteCongress.Common.Tests.csproj", "{B368F979-3031-40EB-ACC8-EDFF6921CC56}"
EndProject
Project("{FAE04EC0-301F-11D3-BF4B-00C04F79EFBC}") = "RemoteCongress.Server.Web.Tests", "tests\RemoteCongress.Server.Web.Tests\RemoteCongress.Server.Web.Tests.csproj", "{C1D9A014-7269-499B-A673-00218B0CFC29}"
EndProject
Project("{FAE04EC0-301F-11D3-BF4B-00C04F79EFBC}") = "RemoteCongress.CliTool", "src\RemoteCongress.CliTool\RemoteCongress.CliTool.csproj", "{73E13DF8-D327-4D80-BB93-026E447258BD}"
EndProject
Project("{FAE04EC0-301F-11D3-BF4B-00C04F79EFBC}") = "RemoteCongress.Client", "src\RemoteCongress.Client\RemoteCongress.Client.csproj", "{D822C023-33B8-4B61-BA6C-8A026061CA25}"
EndProject
Project("{FAE04EC0-301F-11D3-BF4B-00C04F79EFBC}") = "RemoteCongress.Client.Tests", "tests\RemoteCongress.Client.Tests\RemoteCongress.Client.Tests.csproj", "{513C50E7-832A-466A-AFCB-67D0F1C68E11}"
EndProject
Project("{FAE04EC0-301F-11D3-BF4B-00C04F79EFBC}") = "RemoteCongress.CliTool.Tests", "tests\RemoteCongress.CliTool.Tests\RemoteCongress.CliTool.Tests.csproj", "{83484EFF-D865-4E23-8BE2-AC23C09DE96A}"
EndProject
Project("{FAE04EC0-301F-11D3-BF4B-00C04F79EFBC}") = "RemoteCongress.Server.DAL.InMemory", "src\RemoteCongress.Server.DAL.InMemory\RemoteCongress.Server.DAL.InMemory.csproj", "{135CC520-70EA-4802-9CDA-7C879E30CAEA}"
EndProject
Project("{FAE04EC0-301F-11D3-BF4B-00C04F79EFBC}") = "RemoteCongress.Server.DAL.InMemory.Tests", "tests\RemoteCongress.Server.DAL.InMemory.Tests\RemoteCongress.Server.DAL.InMemory.Tests.csproj", "{C1832254-199B-43F5-B30F-2374CB90506E}"
EndProject
Project("{FAE04EC0-301F-11D3-BF4B-00C04F79EFBC}") = "RemoteCongress.Example", "src\RemoteCongress.Example\RemoteCongress.Example.csproj", "{F6063B50-D514-4ADA-B23D-AE4E2E761453}"
EndProject
Project("{FAE04EC0-301F-11D3-BF4B-00C04F79EFBC}") = "RemoteCongress.TestData", "tests\RemoteCongress.TestData\RemoteCongress.TestData.csproj", "{A0E6D5DD-43A5-4E3C-B14D-BD1CE62457CD}"
EndProject
Project("{FAE04EC0-301F-11D3-BF4B-00C04F79EFBC}") = "RemoteCongress.Server.DAL.IpfsBlockchainDb", "src\RemoteCongress.Server.DAL.IpfsBlockchainDb\RemoteCongress.Server.DAL.IpfsBlockchainDb.csproj", "{D07BAD27-48C3-4992-BA91-65E88A4D9BB9}"
EndProject
Global
	GlobalSection(SolutionConfigurationPlatforms) = preSolution
		Debug|Any CPU = Debug|Any CPU
		Debug|x64 = Debug|x64
		Debug|x86 = Debug|x86
		Release|Any CPU = Release|Any CPU
		Release|x64 = Release|x64
		Release|x86 = Release|x86
	EndGlobalSection
	GlobalSection(SolutionProperties) = preSolution
		HideSolutionNode = FALSE
	EndGlobalSection
	GlobalSection(ProjectConfigurationPlatforms) = postSolution
		{611A2A28-50AA-4D23-BB8D-E3A5E601A3D4}.Debug|Any CPU.ActiveCfg = Debug|Any CPU
		{611A2A28-50AA-4D23-BB8D-E3A5E601A3D4}.Debug|Any CPU.Build.0 = Debug|Any CPU
		{611A2A28-50AA-4D23-BB8D-E3A5E601A3D4}.Debug|x64.ActiveCfg = Debug|Any CPU
		{611A2A28-50AA-4D23-BB8D-E3A5E601A3D4}.Debug|x64.Build.0 = Debug|Any CPU
		{611A2A28-50AA-4D23-BB8D-E3A5E601A3D4}.Debug|x86.ActiveCfg = Debug|Any CPU
		{611A2A28-50AA-4D23-BB8D-E3A5E601A3D4}.Debug|x86.Build.0 = Debug|Any CPU
		{611A2A28-50AA-4D23-BB8D-E3A5E601A3D4}.Release|Any CPU.ActiveCfg = Release|Any CPU
		{611A2A28-50AA-4D23-BB8D-E3A5E601A3D4}.Release|Any CPU.Build.0 = Release|Any CPU
		{611A2A28-50AA-4D23-BB8D-E3A5E601A3D4}.Release|x64.ActiveCfg = Release|Any CPU
		{611A2A28-50AA-4D23-BB8D-E3A5E601A3D4}.Release|x64.Build.0 = Release|Any CPU
		{611A2A28-50AA-4D23-BB8D-E3A5E601A3D4}.Release|x86.ActiveCfg = Release|Any CPU
		{611A2A28-50AA-4D23-BB8D-E3A5E601A3D4}.Release|x86.Build.0 = Release|Any CPU
		{7CD81B1C-BBDF-44CF-8832-3EDE3824F0A6}.Debug|Any CPU.ActiveCfg = Debug|Any CPU
		{7CD81B1C-BBDF-44CF-8832-3EDE3824F0A6}.Debug|Any CPU.Build.0 = Debug|Any CPU
		{7CD81B1C-BBDF-44CF-8832-3EDE3824F0A6}.Debug|x64.ActiveCfg = Debug|Any CPU
		{7CD81B1C-BBDF-44CF-8832-3EDE3824F0A6}.Debug|x64.Build.0 = Debug|Any CPU
		{7CD81B1C-BBDF-44CF-8832-3EDE3824F0A6}.Debug|x86.ActiveCfg = Debug|Any CPU
		{7CD81B1C-BBDF-44CF-8832-3EDE3824F0A6}.Debug|x86.Build.0 = Debug|Any CPU
		{7CD81B1C-BBDF-44CF-8832-3EDE3824F0A6}.Release|Any CPU.ActiveCfg = Release|Any CPU
		{7CD81B1C-BBDF-44CF-8832-3EDE3824F0A6}.Release|Any CPU.Build.0 = Release|Any CPU
		{7CD81B1C-BBDF-44CF-8832-3EDE3824F0A6}.Release|x64.ActiveCfg = Release|Any CPU
		{7CD81B1C-BBDF-44CF-8832-3EDE3824F0A6}.Release|x64.Build.0 = Release|Any CPU
		{7CD81B1C-BBDF-44CF-8832-3EDE3824F0A6}.Release|x86.ActiveCfg = Release|Any CPU
		{7CD81B1C-BBDF-44CF-8832-3EDE3824F0A6}.Release|x86.Build.0 = Release|Any CPU
		{B368F979-3031-40EB-ACC8-EDFF6921CC56}.Debug|Any CPU.ActiveCfg = Debug|Any CPU
		{B368F979-3031-40EB-ACC8-EDFF6921CC56}.Debug|Any CPU.Build.0 = Debug|Any CPU
		{B368F979-3031-40EB-ACC8-EDFF6921CC56}.Debug|x64.ActiveCfg = Debug|Any CPU
		{B368F979-3031-40EB-ACC8-EDFF6921CC56}.Debug|x64.Build.0 = Debug|Any CPU
		{B368F979-3031-40EB-ACC8-EDFF6921CC56}.Debug|x86.ActiveCfg = Debug|Any CPU
		{B368F979-3031-40EB-ACC8-EDFF6921CC56}.Debug|x86.Build.0 = Debug|Any CPU
		{B368F979-3031-40EB-ACC8-EDFF6921CC56}.Release|Any CPU.ActiveCfg = Release|Any CPU
		{B368F979-3031-40EB-ACC8-EDFF6921CC56}.Release|Any CPU.Build.0 = Release|Any CPU
		{B368F979-3031-40EB-ACC8-EDFF6921CC56}.Release|x64.ActiveCfg = Release|Any CPU
		{B368F979-3031-40EB-ACC8-EDFF6921CC56}.Release|x64.Build.0 = Release|Any CPU
		{B368F979-3031-40EB-ACC8-EDFF6921CC56}.Release|x86.ActiveCfg = Release|Any CPU
		{B368F979-3031-40EB-ACC8-EDFF6921CC56}.Release|x86.Build.0 = Release|Any CPU
		{C1D9A014-7269-499B-A673-00218B0CFC29}.Debug|Any CPU.ActiveCfg = Debug|Any CPU
		{C1D9A014-7269-499B-A673-00218B0CFC29}.Debug|Any CPU.Build.0 = Debug|Any CPU
		{C1D9A014-7269-499B-A673-00218B0CFC29}.Debug|x64.ActiveCfg = Debug|Any CPU
		{C1D9A014-7269-499B-A673-00218B0CFC29}.Debug|x64.Build.0 = Debug|Any CPU
		{C1D9A014-7269-499B-A673-00218B0CFC29}.Debug|x86.ActiveCfg = Debug|Any CPU
		{C1D9A014-7269-499B-A673-00218B0CFC29}.Debug|x86.Build.0 = Debug|Any CPU
		{C1D9A014-7269-499B-A673-00218B0CFC29}.Release|Any CPU.ActiveCfg = Release|Any CPU
		{C1D9A014-7269-499B-A673-00218B0CFC29}.Release|Any CPU.Build.0 = Release|Any CPU
		{C1D9A014-7269-499B-A673-00218B0CFC29}.Release|x64.ActiveCfg = Release|Any CPU
		{C1D9A014-7269-499B-A673-00218B0CFC29}.Release|x64.Build.0 = Release|Any CPU
		{C1D9A014-7269-499B-A673-00218B0CFC29}.Release|x86.ActiveCfg = Release|Any CPU
		{C1D9A014-7269-499B-A673-00218B0CFC29}.Release|x86.Build.0 = Release|Any CPU
		{73E13DF8-D327-4D80-BB93-026E447258BD}.Debug|Any CPU.ActiveCfg = Debug|Any CPU
		{73E13DF8-D327-4D80-BB93-026E447258BD}.Debug|Any CPU.Build.0 = Debug|Any CPU
		{73E13DF8-D327-4D80-BB93-026E447258BD}.Debug|x64.ActiveCfg = Debug|Any CPU
		{73E13DF8-D327-4D80-BB93-026E447258BD}.Debug|x64.Build.0 = Debug|Any CPU
		{73E13DF8-D327-4D80-BB93-026E447258BD}.Debug|x86.ActiveCfg = Debug|Any CPU
		{73E13DF8-D327-4D80-BB93-026E447258BD}.Debug|x86.Build.0 = Debug|Any CPU
		{73E13DF8-D327-4D80-BB93-026E447258BD}.Release|Any CPU.ActiveCfg = Release|Any CPU
		{73E13DF8-D327-4D80-BB93-026E447258BD}.Release|Any CPU.Build.0 = Release|Any CPU
		{73E13DF8-D327-4D80-BB93-026E447258BD}.Release|x64.ActiveCfg = Release|Any CPU
		{73E13DF8-D327-4D80-BB93-026E447258BD}.Release|x64.Build.0 = Release|Any CPU
		{73E13DF8-D327-4D80-BB93-026E447258BD}.Release|x86.ActiveCfg = Release|Any CPU
		{73E13DF8-D327-4D80-BB93-026E447258BD}.Release|x86.Build.0 = Release|Any CPU
		{D822C023-33B8-4B61-BA6C-8A026061CA25}.Debug|Any CPU.ActiveCfg = Debug|Any CPU
		{D822C023-33B8-4B61-BA6C-8A026061CA25}.Debug|Any CPU.Build.0 = Debug|Any CPU
		{D822C023-33B8-4B61-BA6C-8A026061CA25}.Debug|x64.ActiveCfg = Debug|Any CPU
		{D822C023-33B8-4B61-BA6C-8A026061CA25}.Debug|x64.Build.0 = Debug|Any CPU
		{D822C023-33B8-4B61-BA6C-8A026061CA25}.Debug|x86.ActiveCfg = Debug|Any CPU
		{D822C023-33B8-4B61-BA6C-8A026061CA25}.Debug|x86.Build.0 = Debug|Any CPU
		{D822C023-33B8-4B61-BA6C-8A026061CA25}.Release|Any CPU.ActiveCfg = Release|Any CPU
		{D822C023-33B8-4B61-BA6C-8A026061CA25}.Release|Any CPU.Build.0 = Release|Any CPU
		{D822C023-33B8-4B61-BA6C-8A026061CA25}.Release|x64.ActiveCfg = Release|Any CPU
		{D822C023-33B8-4B61-BA6C-8A026061CA25}.Release|x64.Build.0 = Release|Any CPU
		{D822C023-33B8-4B61-BA6C-8A026061CA25}.Release|x86.ActiveCfg = Release|Any CPU
		{D822C023-33B8-4B61-BA6C-8A026061CA25}.Release|x86.Build.0 = Release|Any CPU
		{513C50E7-832A-466A-AFCB-67D0F1C68E11}.Debug|Any CPU.ActiveCfg = Debug|Any CPU
		{513C50E7-832A-466A-AFCB-67D0F1C68E11}.Debug|Any CPU.Build.0 = Debug|Any CPU
		{513C50E7-832A-466A-AFCB-67D0F1C68E11}.Debug|x64.ActiveCfg = Debug|Any CPU
		{513C50E7-832A-466A-AFCB-67D0F1C68E11}.Debug|x64.Build.0 = Debug|Any CPU
		{513C50E7-832A-466A-AFCB-67D0F1C68E11}.Debug|x86.ActiveCfg = Debug|Any CPU
		{513C50E7-832A-466A-AFCB-67D0F1C68E11}.Debug|x86.Build.0 = Debug|Any CPU
		{513C50E7-832A-466A-AFCB-67D0F1C68E11}.Release|Any CPU.ActiveCfg = Release|Any CPU
		{513C50E7-832A-466A-AFCB-67D0F1C68E11}.Release|Any CPU.Build.0 = Release|Any CPU
		{513C50E7-832A-466A-AFCB-67D0F1C68E11}.Release|x64.ActiveCfg = Release|Any CPU
		{513C50E7-832A-466A-AFCB-67D0F1C68E11}.Release|x64.Build.0 = Release|Any CPU
		{513C50E7-832A-466A-AFCB-67D0F1C68E11}.Release|x86.ActiveCfg = Release|Any CPU
		{513C50E7-832A-466A-AFCB-67D0F1C68E11}.Release|x86.Build.0 = Release|Any CPU
		{83484EFF-D865-4E23-8BE2-AC23C09DE96A}.Debug|Any CPU.ActiveCfg = Debug|Any CPU
		{83484EFF-D865-4E23-8BE2-AC23C09DE96A}.Debug|Any CPU.Build.0 = Debug|Any CPU
		{83484EFF-D865-4E23-8BE2-AC23C09DE96A}.Debug|x64.ActiveCfg = Debug|Any CPU
		{83484EFF-D865-4E23-8BE2-AC23C09DE96A}.Debug|x64.Build.0 = Debug|Any CPU
		{83484EFF-D865-4E23-8BE2-AC23C09DE96A}.Debug|x86.ActiveCfg = Debug|Any CPU
		{83484EFF-D865-4E23-8BE2-AC23C09DE96A}.Debug|x86.Build.0 = Debug|Any CPU
		{83484EFF-D865-4E23-8BE2-AC23C09DE96A}.Release|Any CPU.ActiveCfg = Release|Any CPU
		{83484EFF-D865-4E23-8BE2-AC23C09DE96A}.Release|Any CPU.Build.0 = Release|Any CPU
		{83484EFF-D865-4E23-8BE2-AC23C09DE96A}.Release|x64.ActiveCfg = Release|Any CPU
		{83484EFF-D865-4E23-8BE2-AC23C09DE96A}.Release|x64.Build.0 = Release|Any CPU
		{83484EFF-D865-4E23-8BE2-AC23C09DE96A}.Release|x86.ActiveCfg = Release|Any CPU
		{83484EFF-D865-4E23-8BE2-AC23C09DE96A}.Release|x86.Build.0 = Release|Any CPU
		{135CC520-70EA-4802-9CDA-7C879E30CAEA}.Debug|Any CPU.ActiveCfg = Debug|Any CPU
		{135CC520-70EA-4802-9CDA-7C879E30CAEA}.Debug|Any CPU.Build.0 = Debug|Any CPU
		{135CC520-70EA-4802-9CDA-7C879E30CAEA}.Debug|x64.ActiveCfg = Debug|Any CPU
		{135CC520-70EA-4802-9CDA-7C879E30CAEA}.Debug|x64.Build.0 = Debug|Any CPU
		{135CC520-70EA-4802-9CDA-7C879E30CAEA}.Debug|x86.ActiveCfg = Debug|Any CPU
		{135CC520-70EA-4802-9CDA-7C879E30CAEA}.Debug|x86.Build.0 = Debug|Any CPU
		{135CC520-70EA-4802-9CDA-7C879E30CAEA}.Release|Any CPU.ActiveCfg = Release|Any CPU
		{135CC520-70EA-4802-9CDA-7C879E30CAEA}.Release|Any CPU.Build.0 = Release|Any CPU
		{135CC520-70EA-4802-9CDA-7C879E30CAEA}.Release|x64.ActiveCfg = Release|Any CPU
		{135CC520-70EA-4802-9CDA-7C879E30CAEA}.Release|x64.Build.0 = Release|Any CPU
		{135CC520-70EA-4802-9CDA-7C879E30CAEA}.Release|x86.ActiveCfg = Release|Any CPU
		{135CC520-70EA-4802-9CDA-7C879E30CAEA}.Release|x86.Build.0 = Release|Any CPU
		{C1832254-199B-43F5-B30F-2374CB90506E}.Debug|Any CPU.ActiveCfg = Debug|Any CPU
		{C1832254-199B-43F5-B30F-2374CB90506E}.Debug|Any CPU.Build.0 = Debug|Any CPU
		{C1832254-199B-43F5-B30F-2374CB90506E}.Debug|x64.ActiveCfg = Debug|Any CPU
		{C1832254-199B-43F5-B30F-2374CB90506E}.Debug|x64.Build.0 = Debug|Any CPU
		{C1832254-199B-43F5-B30F-2374CB90506E}.Debug|x86.ActiveCfg = Debug|Any CPU
		{C1832254-199B-43F5-B30F-2374CB90506E}.Debug|x86.Build.0 = Debug|Any CPU
		{C1832254-199B-43F5-B30F-2374CB90506E}.Release|Any CPU.ActiveCfg = Release|Any CPU
		{C1832254-199B-43F5-B30F-2374CB90506E}.Release|Any CPU.Build.0 = Release|Any CPU
		{C1832254-199B-43F5-B30F-2374CB90506E}.Release|x64.ActiveCfg = Release|Any CPU
		{C1832254-199B-43F5-B30F-2374CB90506E}.Release|x64.Build.0 = Release|Any CPU
		{C1832254-199B-43F5-B30F-2374CB90506E}.Release|x86.ActiveCfg = Release|Any CPU
		{C1832254-199B-43F5-B30F-2374CB90506E}.Release|x86.Build.0 = Release|Any CPU
		{F6063B50-D514-4ADA-B23D-AE4E2E761453}.Debug|Any CPU.ActiveCfg = Debug|Any CPU
		{F6063B50-D514-4ADA-B23D-AE4E2E761453}.Debug|Any CPU.Build.0 = Debug|Any CPU
		{F6063B50-D514-4ADA-B23D-AE4E2E761453}.Debug|x64.ActiveCfg = Debug|Any CPU
		{F6063B50-D514-4ADA-B23D-AE4E2E761453}.Debug|x64.Build.0 = Debug|Any CPU
		{F6063B50-D514-4ADA-B23D-AE4E2E761453}.Debug|x86.ActiveCfg = Debug|Any CPU
		{F6063B50-D514-4ADA-B23D-AE4E2E761453}.Debug|x86.Build.0 = Debug|Any CPU
		{F6063B50-D514-4ADA-B23D-AE4E2E761453}.Release|Any CPU.ActiveCfg = Release|Any CPU
		{F6063B50-D514-4ADA-B23D-AE4E2E761453}.Release|Any CPU.Build.0 = Release|Any CPU
		{F6063B50-D514-4ADA-B23D-AE4E2E761453}.Release|x64.ActiveCfg = Release|Any CPU
		{F6063B50-D514-4ADA-B23D-AE4E2E761453}.Release|x64.Build.0 = Release|Any CPU
		{F6063B50-D514-4ADA-B23D-AE4E2E761453}.Release|x86.ActiveCfg = Release|Any CPU
		{F6063B50-D514-4ADA-B23D-AE4E2E761453}.Release|x86.Build.0 = Release|Any CPU
		{A0E6D5DD-43A5-4E3C-B14D-BD1CE62457CD}.Debug|Any CPU.ActiveCfg = Debug|Any CPU
		{A0E6D5DD-43A5-4E3C-B14D-BD1CE62457CD}.Debug|Any CPU.Build.0 = Debug|Any CPU
		{A0E6D5DD-43A5-4E3C-B14D-BD1CE62457CD}.Debug|x64.ActiveCfg = Debug|Any CPU
		{A0E6D5DD-43A5-4E3C-B14D-BD1CE62457CD}.Debug|x64.Build.0 = Debug|Any CPU
		{A0E6D5DD-43A5-4E3C-B14D-BD1CE62457CD}.Debug|x86.ActiveCfg = Debug|Any CPU
		{A0E6D5DD-43A5-4E3C-B14D-BD1CE62457CD}.Debug|x86.Build.0 = Debug|Any CPU
		{A0E6D5DD-43A5-4E3C-B14D-BD1CE62457CD}.Release|Any CPU.ActiveCfg = Release|Any CPU
		{A0E6D5DD-43A5-4E3C-B14D-BD1CE62457CD}.Release|Any CPU.Build.0 = Release|Any CPU
		{A0E6D5DD-43A5-4E3C-B14D-BD1CE62457CD}.Release|x64.ActiveCfg = Release|Any CPU
		{A0E6D5DD-43A5-4E3C-B14D-BD1CE62457CD}.Release|x64.Build.0 = Release|Any CPU
		{A0E6D5DD-43A5-4E3C-B14D-BD1CE62457CD}.Release|x86.ActiveCfg = Release|Any CPU
		{A0E6D5DD-43A5-4E3C-B14D-BD1CE62457CD}.Release|x86.Build.0 = Release|Any CPU
		{D07BAD27-48C3-4992-BA91-65E88A4D9BB9}.Debug|Any CPU.ActiveCfg = Debug|Any CPU
		{D07BAD27-48C3-4992-BA91-65E88A4D9BB9}.Debug|Any CPU.Build.0 = Debug|Any CPU
		{D07BAD27-48C3-4992-BA91-65E88A4D9BB9}.Debug|x64.ActiveCfg = Debug|Any CPU
		{D07BAD27-48C3-4992-BA91-65E88A4D9BB9}.Debug|x64.Build.0 = Debug|Any CPU
		{D07BAD27-48C3-4992-BA91-65E88A4D9BB9}.Debug|x86.ActiveCfg = Debug|Any CPU
		{D07BAD27-48C3-4992-BA91-65E88A4D9BB9}.Debug|x86.Build.0 = Debug|Any CPU
		{D07BAD27-48C3-4992-BA91-65E88A4D9BB9}.Release|Any CPU.ActiveCfg = Release|Any CPU
		{D07BAD27-48C3-4992-BA91-65E88A4D9BB9}.Release|Any CPU.Build.0 = Release|Any CPU
		{D07BAD27-48C3-4992-BA91-65E88A4D9BB9}.Release|x64.ActiveCfg = Release|Any CPU
		{D07BAD27-48C3-4992-BA91-65E88A4D9BB9}.Release|x64.Build.0 = Release|Any CPU
		{D07BAD27-48C3-4992-BA91-65E88A4D9BB9}.Release|x86.ActiveCfg = Release|Any CPU
		{D07BAD27-48C3-4992-BA91-65E88A4D9BB9}.Release|x86.Build.0 = Release|Any CPU
	EndGlobalSection
	GlobalSection(NestedProjects) = preSolution
		{611A2A28-50AA-4D23-BB8D-E3A5E601A3D4} = {74893211-53F2-401C-A374-198D812361F2}
		{7CD81B1C-BBDF-44CF-8832-3EDE3824F0A6} = {74893211-53F2-401C-A374-198D812361F2}
		{B368F979-3031-40EB-ACC8-EDFF6921CC56} = {CBF700B8-6241-44D3-B493-47EC1D98F5C5}
		{C1D9A014-7269-499B-A673-00218B0CFC29} = {CBF700B8-6241-44D3-B493-47EC1D98F5C5}
		{73E13DF8-D327-4D80-BB93-026E447258BD} = {74893211-53F2-401C-A374-198D812361F2}
		{D822C023-33B8-4B61-BA6C-8A026061CA25} = {74893211-53F2-401C-A374-198D812361F2}
		{513C50E7-832A-466A-AFCB-67D0F1C68E11} = {CBF700B8-6241-44D3-B493-47EC1D98F5C5}
		{83484EFF-D865-4E23-8BE2-AC23C09DE96A} = {CBF700B8-6241-44D3-B493-47EC1D98F5C5}
		{135CC520-70EA-4802-9CDA-7C879E30CAEA} = {74893211-53F2-401C-A374-198D812361F2}
		{C1832254-199B-43F5-B30F-2374CB90506E} = {CBF700B8-6241-44D3-B493-47EC1D98F5C5}
		{F6063B50-D514-4ADA-B23D-AE4E2E761453} = {74893211-53F2-401C-A374-198D812361F2}
		{A0E6D5DD-43A5-4E3C-B14D-BD1CE62457CD} = {CBF700B8-6241-44D3-B493-47EC1D98F5C5}
		{D07BAD27-48C3-4992-BA91-65E88A4D9BB9} = {74893211-53F2-401C-A374-198D812361F2}
	EndGlobalSection
EndGlobal
